
Microsoft Visual Studio Solution File, Format Version 12.00
Project("{2150E333-8FDC-42A3-9474-1A3956D46DE8}") = "src", "src", "{C62C3E5E-466A-4B22-AE54-F09313879A52}"
EndProject
Project("{2150E333-8FDC-42A3-9474-1A3956D46DE8}") = "tests", "tests", "{EF302130-1B30-4872-880F-210906F26551}"
EndProject
Project("{FAE04EC0-301F-11D3-BF4B-00C04F79EFBC}") = "Domain", "Domain\Domain.csproj", "{824857C9-6299-45B5-8736-B1D726DFADCC}"
EndProject
Project("{FAE04EC0-301F-11D3-BF4B-00C04F79EFBC}") = "Infrastructure", "Infrastructure\Infrastructure.csproj", "{51E3D629-2F48-40A8-A57B-167E3119A4B0}"
EndProject
Project("{FAE04EC0-301F-11D3-BF4B-00C04F79EFBC}") = "Application", "Application\Application.csproj", "{42CE461C-3EC4-43EA-9C0C-0BAA39C36B0A}"
EndProject
Project("{FAE04EC0-301F-11D3-BF4B-00C04F79EFBC}") = "Web", "Web\Web.csproj", "{F19415EF-A63A-4925-BAC4-BF0C472E2DE1}"
EndProject
Global
	GlobalSection(SolutionConfigurationPlatforms) = preSolution
		Debug|Any CPU = Debug|Any CPU
		Release|Any CPU = Release|Any CPU
	EndGlobalSection
	GlobalSection(ProjectConfigurationPlatforms) = postSolution
		{824857C9-6299-45B5-8736-B1D726DFADCC}.Debug|Any CPU.ActiveCfg = Debug|Any CPU
		{824857C9-6299-45B5-8736-B1D726DFADCC}.Debug|Any CPU.Build.0 = Debug|Any CPU
		{824857C9-6299-45B5-8736-B1D726DFADCC}.Release|Any CPU.ActiveCfg = Release|Any CPU
		{824857C9-6299-45B5-8736-B1D726DFADCC}.Release|Any CPU.Build.0 = Release|Any CPU
		{51E3D629-2F48-40A8-A57B-167E3119A4B0}.Debug|Any CPU.ActiveCfg = Debug|Any CPU
		{51E3D629-2F48-40A8-A57B-167E3119A4B0}.Debug|Any CPU.Build.0 = Debug|Any CPU
		{51E3D629-2F48-40A8-A57B-167E3119A4B0}.Release|Any CPU.ActiveCfg = Release|Any CPU
		{51E3D629-2F48-40A8-A57B-167E3119A4B0}.Release|Any CPU.Build.0 = Release|Any CPU
		{42CE461C-3EC4-43EA-9C0C-0BAA39C36B0A}.Debug|Any CPU.ActiveCfg = Debug|Any CPU
		{42CE461C-3EC4-43EA-9C0C-0BAA39C36B0A}.Debug|Any CPU.Build.0 = Debug|Any CPU
		{42CE461C-3EC4-43EA-9C0C-0BAA39C36B0A}.Release|Any CPU.ActiveCfg = Release|Any CPU
		{42CE461C-3EC4-43EA-9C0C-0BAA39C36B0A}.Release|Any CPU.Build.0 = Release|Any CPU
		{F19415EF-A63A-4925-BAC4-BF0C472E2DE1}.Debug|Any CPU.ActiveCfg = Debug|Any CPU
		{F19415EF-A63A-4925-BAC4-BF0C472E2DE1}.Debug|Any CPU.Build.0 = Debug|Any CPU
		{F19415EF-A63A-4925-BAC4-BF0C472E2DE1}.Release|Any CPU.ActiveCfg = Release|Any CPU
		{F19415EF-A63A-4925-BAC4-BF0C472E2DE1}.Release|Any CPU.Build.0 = Release|Any CPU
	EndGlobalSection
	GlobalSection(NestedProjects) = preSolution
		{824857C9-6299-45B5-8736-B1D726DFADCC} = {C62C3E5E-466A-4B22-AE54-F09313879A52}
		{51E3D629-2F48-40A8-A57B-167E3119A4B0} = {C62C3E5E-466A-4B22-AE54-F09313879A52}
		{42CE461C-3EC4-43EA-9C0C-0BAA39C36B0A} = {C62C3E5E-466A-4B22-AE54-F09313879A52}
		{F19415EF-A63A-4925-BAC4-BF0C472E2DE1} = {C62C3E5E-466A-4B22-AE54-F09313879A52}
	EndGlobalSection
EndGlobal
